// !$*UTF8*$!
{
	archiveVersion = 1;
	classes = {
	};
	objectVersion = 46;
	objects = {

/* Begin PBXBuildFile section */
		3F0404FF1BA1CC2A0069B8D7 /* AppDelegate.swift in Sources */ = {isa = PBXBuildFile; fileRef = 3F0404FE1BA1CC2A0069B8D7 /* AppDelegate.swift */; };
		3F0405011BA1CC2A0069B8D7 /* ViewController.swift in Sources */ = {isa = PBXBuildFile; fileRef = 3F0405001BA1CC2A0069B8D7 /* ViewController.swift */; };
		3F0405041BA1CC2A0069B8D7 /* Main.storyboard in Resources */ = {isa = PBXBuildFile; fileRef = 3F0405021BA1CC2A0069B8D7 /* Main.storyboard */; };
		3F0405061BA1CC2A0069B8D7 /* Images.xcassets in Resources */ = {isa = PBXBuildFile; fileRef = 3F0405051BA1CC2A0069B8D7 /* Images.xcassets */; };
		3F0405091BA1CC2A0069B8D7 /* LaunchScreen.xib in Resources */ = {isa = PBXBuildFile; fileRef = 3F0405071BA1CC2A0069B8D7 /* LaunchScreen.xib */; };
		3F0405151BA1CC2B0069B8D7 /* keyboardShiftTestTests.swift in Sources */ = {isa = PBXBuildFile; fileRef = 3F0405141BA1CC2B0069B8D7 /* keyboardShiftTestTests.swift */; };
/* End PBXBuildFile section */

/* Begin PBXContainerItemProxy section */
		3F04050F1BA1CC2B0069B8D7 /* PBXContainerItemProxy */ = {
			isa = PBXContainerItemProxy;
			containerPortal = 3F0404F11BA1CC2A0069B8D7 /* Project object */;
			proxyType = 1;
			remoteGlobalIDString = 3F0404F81BA1CC2A0069B8D7;
			remoteInfo = keyboardShiftTest;
		};
/* End PBXContainerItemProxy section */

/* Begin PBXFileReference section */
		3F0404F91BA1CC2A0069B8D7 /* keyboardShiftTest.app */ = {isa = PBXFileReference; explicitFileType = wrapper.application; includeInIndex = 0; path = keyboardShiftTest.app; sourceTree = BUILT_PRODUCTS_DIR; };
		3F0404FD1BA1CC2A0069B8D7 /* Info.plist */ = {isa = PBXFileReference; lastKnownFileType = text.plist.xml; path = Info.plist; sourceTree = "<group>"; };
		3F0404FE1BA1CC2A0069B8D7 /* AppDelegate.swift */ = {isa = PBXFileReference; lastKnownFileType = sourcecode.swift; path = AppDelegate.swift; sourceTree = "<group>"; };
		3F0405001BA1CC2A0069B8D7 /* ViewController.swift */ = {isa = PBXFileReference; lastKnownFileType = sourcecode.swift; path = ViewController.swift; sourceTree = "<group>"; };
		3F0405031BA1CC2A0069B8D7 /* Base */ = {isa = PBXFileReference; lastKnownFileType = file.storyboard; name = Base; path = Base.lproj/Main.storyboard; sourceTree = "<group>"; };
		3F0405051BA1CC2A0069B8D7 /* Images.xcassets */ = {isa = PBXFileReference; lastKnownFileType = folder.assetcatalog; path = Images.xcassets; sourceTree = "<group>"; };
		3F0405081BA1CC2A0069B8D7 /* Base */ = {isa = PBXFileReference; lastKnownFileType = file.xib; name = Base; path = Base.lproj/LaunchScreen.xib; sourceTree = "<group>"; };
		3F04050E1BA1CC2B0069B8D7 /* keyboardShiftTestTests.xctest */ = {isa = PBXFileReference; explicitFileType = wrapper.cfbundle; includeInIndex = 0; path = keyboardShiftTestTests.xctest; sourceTree = BUILT_PRODUCTS_DIR; };
		3F0405131BA1CC2B0069B8D7 /* Info.plist */ = {isa = PBXFileReference; lastKnownFileType = text.plist.xml; path = Info.plist; sourceTree = "<group>"; };
		3F0405141BA1CC2B0069B8D7 /* keyboardShiftTestTests.swift */ = {isa = PBXFileReference; lastKnownFileType = sourcecode.swift; path = keyboardShiftTestTests.swift; sourceTree = "<group>"; };
/* End PBXFileReference section */

/* Begin PBXFrameworksBuildPhase section */
		3F0404F61BA1CC2A0069B8D7 /* Frameworks */ = {
			isa = PBXFrameworksBuildPhase;
			buildActionMask = 2147483647;
			files = (
			);
			runOnlyForDeploymentPostprocessing = 0;
		};
		3F04050B1BA1CC2B0069B8D7 /* Frameworks */ = {
			isa = PBXFrameworksBuildPhase;
			buildActionMask = 2147483647;
			files = (
			);
			runOnlyForDeploymentPostprocessing = 0;
		};
/* End PBXFrameworksBuildPhase section */

/* Begin PBXGroup section */
		3F0404F01BA1CC2A0069B8D7 = {
			isa = PBXGroup;
			children = (
				3F0404FB1BA1CC2A0069B8D7 /* keyboardShiftTest */,
				3F0405111BA1CC2B0069B8D7 /* keyboardShiftTestTests */,
				3F0404FA1BA1CC2A0069B8D7 /* Products */,
			);
			sourceTree = "<group>";
		};
		3F0404FA1BA1CC2A0069B8D7 /* Products */ = {
			isa = PBXGroup;
			children = (
				3F0404F91BA1CC2A0069B8D7 /* keyboardShiftTest.app */,
				3F04050E1BA1CC2B0069B8D7 /* keyboardShiftTestTests.xctest */,
			);
			name = Products;
			sourceTree = "<group>";
		};
		3F0404FB1BA1CC2A0069B8D7 /* keyboardShiftTest */ = {
			isa = PBXGroup;
			children = (
				3F0404FE1BA1CC2A0069B8D7 /* AppDelegate.swift */,
				3F0405001BA1CC2A0069B8D7 /* ViewController.swift */,
				3F0405021BA1CC2A0069B8D7 /* Main.storyboard */,
				3F0405051BA1CC2A0069B8D7 /* Images.xcassets */,
				3F0405071BA1CC2A0069B8D7 /* LaunchScreen.xib */,
				3F0404FC1BA1CC2A0069B8D7 /* Supporting Files */,
			);
			path = keyboardShiftTest;
			sourceTree = "<group>";
		};
		3F0404FC1BA1CC2A0069B8D7 /* Supporting Files */ = {
			isa = PBXGroup;
			children = (
				3F0404FD1BA1CC2A0069B8D7 /* Info.plist */,
			);
			name = "Supporting Files";
			sourceTree = "<group>";
		};
		3F0405111BA1CC2B0069B8D7 /* keyboardShiftTestTests */ = {
			isa = PBXGroup;
			children = (
				3F0405141BA1CC2B0069B8D7 /* keyboardShiftTestTests.swift */,
				3F0405121BA1CC2B0069B8D7 /* Supporting Files */,
			);
			path = keyboardShiftTestTests;
			sourceTree = "<group>";
		};
		3F0405121BA1CC2B0069B8D7 /* Supporting Files */ = {
			isa = PBXGroup;
			children = (
				3F0405131BA1CC2B0069B8D7 /* Info.plist */,
			);
			name = "Supporting Files";
			sourceTree = "<group>";
		};
/* End PBXGroup section */

/* Begin PBXNativeTarget section */
		3F0404F81BA1CC2A0069B8D7 /* keyboardShiftTest */ = {
			isa = PBXNativeTarget;
			buildConfigurationList = 3F0405181BA1CC2B0069B8D7 /* Build configuration list for PBXNativeTarget "keyboardShiftTest" */;
			buildPhases = (
				3F0404F51BA1CC2A0069B8D7 /* Sources */,
				3F0404F61BA1CC2A0069B8D7 /* Frameworks */,
				3F0404F71BA1CC2A0069B8D7 /* Resources */,
			);
			buildRules = (
			);
			dependencies = (
			);
			name = keyboardShiftTest;
			productName = keyboardShiftTest;
			productReference = 3F0404F91BA1CC2A0069B8D7 /* keyboardShiftTest.app */;
			productType = "com.apple.product-type.application";
		};
		3F04050D1BA1CC2B0069B8D7 /* keyboardShiftTestTests */ = {
			isa = PBXNativeTarget;
			buildConfigurationList = 3F04051B1BA1CC2B0069B8D7 /* Build configuration list for PBXNativeTarget "keyboardShiftTestTests" */;
			buildPhases = (
				3F04050A1BA1CC2B0069B8D7 /* Sources */,
				3F04050B1BA1CC2B0069B8D7 /* Frameworks */,
				3F04050C1BA1CC2B0069B8D7 /* Resources */,
			);
			buildRules = (
			);
			dependencies = (
				3F0405101BA1CC2B0069B8D7 /* PBXTargetDependency */,
			);
			name = keyboardShiftTestTests;
			productName = keyboardShiftTestTests;
			productReference = 3F04050E1BA1CC2B0069B8D7 /* keyboardShiftTestTests.xctest */;
			productType = "com.apple.product-type.bundle.unit-test";
		};
/* End PBXNativeTarget section */

/* Begin PBXProject section */
		3F0404F11BA1CC2A0069B8D7 /* Project object */ = {
			isa = PBXProject;
			attributes = {
				LastUpgradeCheck = 0640;
				ORGANIZATIONNAME = "Ilia Tikhomirov";
				TargetAttributes = {
					3F0404F81BA1CC2A0069B8D7 = {
						CreatedOnToolsVersion = 6.4;
					};
					3F04050D1BA1CC2B0069B8D7 = {
						CreatedOnToolsVersion = 6.4;
						TestTargetID = 3F0404F81BA1CC2A0069B8D7;
					};
				};
			};
			buildConfigurationList = 3F0404F41BA1CC2A0069B8D7 /* Build configuration list for PBXProject "keyboardShiftTest" */;
			compatibilityVersion = "Xcode 3.2";
			developmentRegion = English;
			hasScannedForEncodings = 0;
			knownRegions = (
				en,
				Base,
			);
			mainGroup = 3F0404F01BA1CC2A0069B8D7;
			productRefGroup = 3F0404FA1BA1CC2A0069B8D7 /* Products */;
			projectDirPath = "";
			projectRoot = "";
			targets = (
				3F0404F81BA1CC2A0069B8D7 /* keyboardShiftTest */,
				3F04050D1BA1CC2B0069B8D7 /* keyboardShiftTestTests */,
			);
		};
/* End PBXProject section */

/* Begin PBXResourcesBuildPhase section */
		3F0404F71BA1CC2A0069B8D7 /* Resources */ = {
			isa = PBXResourcesBuildPhase;
			buildActionMask = 2147483647;
			files = (
				3F0405041BA1CC2A0069B8D7 /* Main.storyboard in Resources */,
				3F0405091BA1CC2A0069B8D7 /* LaunchScreen.xib in Resources */,
				3F0405061BA1CC2A0069B8D7 /* Images.xcassets in Resources */,
			);
			runOnlyForDeploymentPostprocessing = 0;
		};
		3F04050C1BA1CC2B0069B8D7 /* Resources */ = {
			isa = PBXResourcesBuildPhase;
			buildActionMask = 2147483647;
			files = (
			);
			runOnlyForDeploymentPostprocessing = 0;
		};
/* End PBXResourcesBuildPhase section */

/* Begin PBXSourcesBuildPhase section */
		3F0404F51BA1CC2A0069B8D7 /* Sources */ = {
			isa = PBXSourcesBuildPhase;
			buildActionMask = 2147483647;
			files = (
				3F0405011BA1CC2A0069B8D7 /* ViewController.swift in Sources */,
				3F0404FF1BA1CC2A0069B8D7 /* AppDelegate.swift in Sources */,
			);
			runOnlyForDeploymentPostprocessing = 0;
		};
		3F04050A1BA1CC2B0069B8D7 /* Sources */ = {
			isa = PBXSourcesBuildPhase;
			buildActionMask = 2147483647;
			files = (
				3F0405151BA1CC2B0069B8D7 /* keyboardShiftTestTests.swift in Sources */,
			);
			runOnlyForDeploymentPostprocessing = 0;
		};
/* End PBXSourcesBuildPhase section */

/* Begin PBXTargetDependency section */
		3F0405101BA1CC2B0069B8D7 /* PBXTargetDependency */ = {
			isa = PBXTargetDependency;
			target = 3F0404F81BA1CC2A0069B8D7 /* keyboardShiftTest */;
			targetProxy = 3F04050F1BA1CC2B0069B8D7 /* PBXContainerItemProxy */;
		};
/* End PBXTargetDependency section */

/* Begin PBXVariantGroup section */
		3F0405021BA1CC2A0069B8D7 /* Main.storyboard */ = {
			isa = PBXVariantGroup;
			children = (
				3F0405031BA1CC2A0069B8D7 /* Base */,
			);
			name = Main.storyboard;
			sourceTree = "<group>";
		};
		3F0405071BA1CC2A0069B8D7 /* LaunchScreen.xib */ = {
			isa = PBXVariantGroup;
			children = (
				3F0405081BA1CC2A0069B8D7 /* Base */,
			);
			name = LaunchScreen.xib;
			sourceTree = "<group>";
		};
/* End PBXVariantGroup section */

/* Begin XCBuildConfiguration section */
		3F0405161BA1CC2B0069B8D7 /* Debug */ = {
			isa = XCBuildConfiguration;
			buildSettings = {
				ALWAYS_SEARCH_USER_PATHS = NO;
				CLANG_CXX_LANGUAGE_STANDARD = "gnu++0x";
				CLANG_CXX_LIBRARY = "libc++";
				CLANG_ENABLE_MODULES = YES;
				CLANG_ENABLE_OBJC_ARC = YES;
				CLANG_WARN_BOOL_CONVERSION = YES;
				CLANG_WARN_CONSTANT_CONVERSION = YES;
				CLANG_WARN_DIRECT_OBJC_ISA_USAGE = YES_ERROR;
				CLANG_WARN_EMPTY_BODY = YES;
				CLANG_WARN_ENUM_CONVERSION = YES;
				CLANG_WARN_INT_CONVERSION = YES;
				CLANG_WARN_OBJC_ROOT_CLASS = YES_ERROR;
				CLANG_WARN_UNREACHABLE_CODE = YES;
				CLANG_WARN__DUPLICATE_METHOD_MATCH = YES;
				"CODE_SIGN_IDENTITY[sdk=iphoneos*]" = "iPhone Developer";
				COPY_PHASE_STRIP = NO;
				DEBUG_INFORMATION_FORMAT = "dwarf-with-dsym";
				ENABLE_STRICT_OBJC_MSGSEND = YES;
				GCC_C_LANGUAGE_STANDARD = gnu99;
				GCC_DYNAMIC_NO_PIC = NO;
				GCC_NO_COMMON_BLOCKS = YES;
				GCC_OPTIMIZATION_LEVEL = 0;
				GCC_PREPROCESSOR_DEFINITIONS = (
					"DEBUG=1",
					"$(inherited)",
				);
				GCC_SYMBOLS_PRIVATE_EXTERN = NO;
				GCC_WARN_64_TO_32_BIT_CONVERSION = YES;
				GCC_WARN_ABOUT_RETURN_TYPE = YES_ERROR;
				GCC_WARN_UNDECLARED_SELECTOR = YES;
				GCC_WARN_UNINITIALIZED_AUTOS = YES_AGGRESSIVE;
				GCC_WARN_UNUSED_FUNCTION = YES;
				GCC_WARN_UNUSED_VARIABLE = YES;
				IPHONEOS_DEPLOYMENT_TARGET = 8.4;
				MTL_ENABLE_DEBUG_INFO = YES;
				ONLY_ACTIVE_ARCH = YES;
				SDKROOT = iphoneos;
				SWIFT_OPTIMIZATION_LEVEL = "-Onone";
			};
			name = Debug;
		};
		3F0405171BA1CC2B0069B8D7 /* Release */ = {
			isa = XCBuildConfiguration;
			buildSettings = {
				ALWAYS_SEARCH_USER_PATHS = NO;
				CLANG_CXX_LANGUAGE_STANDARD = "gnu++0x";
				CLANG_CXX_LIBRARY = "libc++";
				CLANG_ENABLE_MODULES = YES;
				CLANG_ENABLE_OBJC_ARC = YES;
				CLANG_WARN_BOOL_CONVERSION = YES;
				CLANG_WARN_CONSTANT_CONVERSION = YES;
				CLANG_WARN_DIRECT_OBJC_ISA_USAGE = YES_ERROR;
				CLANG_WARN_EMPTY_BODY = YES;
				CLANG_WARN_ENUM_CONVERSION = YES;
				CLANG_WARN_INT_CONVERSION = YES;
				CLANG_WARN_OBJC_ROOT_CLASS = YES_ERROR;
				CLANG_WARN_UNREACHABLE_CODE = YES;
				CLANG_WARN__DUPLICATE_METHOD_MATCH = YES;
				"CODE_SIGN_IDENTITY[sdk=iphoneos*]" = "iPhone Developer";
				COPY_PHASE_STRIP = NO;
				DEBUG_INFORMATION_FORMAT = "dwarf-with-dsym";
				ENABLE_NS_ASSERTIONS = NO;
				ENABLE_STRICT_OBJC_MSGSEND = YES;
				GCC_C_LANGUAGE_STANDARD = gnu99;
				GCC_NO_COMMON_BLOCKS = YES;
				GCC_WARN_64_TO_32_BIT_CONVERSION = YES;
				GCC_WARN_ABOUT_RETURN_TYPE = YES_ERROR;
				GCC_WARN_UNDECLARED_SELECTOR = YES;
				GCC_WARN_UNINITIALIZED_AUTOS = YES_AGGRESSIVE;
				GCC_WARN_UNUSED_FUNCTION = YES;
				GCC_WARN_UNUSED_VARIABLE = YES;
				IPHONEOS_DEPLOYMENT_TARGET = 8.4;
				MTL_ENABLE_DEBUG_INFO = NO;
				SDKROOT = iphoneos;
				VALIDATE_PRODUCT = YES;
			};
			name = Release;
		};
		3F0405191BA1CC2B0069B8D7 /* Debug */ = {
			isa = XCBuildConfiguration;
			buildSettings = {
				ASSETCATALOG_COMPILER_APPICON_NAME = AppIcon;
				INFOPLIST_FILE = keyboardShiftTest/Info.plist;
				LD_RUNPATH_SEARCH_PATHS = "$(inherited) @executable_path/Frameworks";
				PRODUCT_NAME = "$(TARGET_NAME)";
			};
			name = Debug;
		};
		3F04051A1BA1CC2B0069B8D7 /* Release */ = {
			isa = XCBuildConfiguration;
			buildSettings = {
				ASSETCATALOG_COMPILER_APPICON_NAME = AppIcon;
				INFOPLIST_FILE = keyboardShiftTest/Info.plist;
				LD_RUNPATH_SEARCH_PATHS = "$(inherited) @executable_path/Frameworks";
				PRODUCT_NAME = "$(TARGET_NAME)";
			};
			name = Release;
		};
		3F04051C1BA1CC2B0069B8D7 /* Debug */ = {
			isa = XCBuildConfiguration;
			buildSettings = {
				BUNDLE_LOADER = "$(TEST_HOST)";
				FRAMEWORK_SEARCH_PATHS = (
					"$(SDKROOT)/Developer/Library/Frameworks",
					"$(inherited)",
				);
				GCC_PREPROCESSOR_DEFINITIONS = (
					"DEBUG=1",
					"$(inherited)",
				);
				INFOPLIST_FILE = keyboardShiftTestTests/Info.plist;
				LD_RUNPATH_SEARCH_PATHS = "$(inherited) @executable_path/Frameworks @loader_path/Frameworks";
				PRODUCT_NAME = "$(TARGET_NAME)";
				TEST_HOST = "$(BUILT_PRODUCTS_DIR)/keyboardShiftTest.app/keyboardShiftTest";
			};
			name = Debug;
		};
		3F04051D1BA1CC2B0069B8D7 /* Release */ = {
			isa = XCBuildConfiguration;
			buildSettings = {
				BUNDLE_LOADER = "$(TEST_HOST)";
				FRAMEWORK_SEARCH_PATHS = (
					"$(SDKROOT)/Developer/Library/Frameworks",
					"$(inherited)",
				);
				INFOPLIST_FILE = keyboardShiftTestTests/Info.plist;
				LD_RUNPATH_SEARCH_PATHS = "$(inherited) @executable_path/Frameworks @loader_path/Frameworks";
				PRODUCT_NAME = "$(TARGET_NAME)";
				TEST_HOST = "$(BUILT_PRODUCTS_DIR)/keyboardShiftTest.app/keyboardShiftTest";
			};
			name = Release;
		};
/* End XCBuildConfiguration section */

/* Begin XCConfigurationList section */
		3F0404F41BA1CC2A0069B8D7 /* Build configuration list for PBXProject "keyboardShiftTest" */ = {
			isa = XCConfigurationList;
			buildConfigurations = (
				3F0405161BA1CC2B0069B8D7 /* Debug */,
				3F0405171BA1CC2B0069B8D7 /* Release */,
			);
			defaultConfigurationIsVisible = 0;
			defaultConfigurationName = Release;
		};
		3F0405181BA1CC2B0069B8D7 /* Build configuration list for PBXNativeTarget "keyboardShiftTest" */ = {
			isa = XCConfigurationList;
			buildConfigurations = (
				3F0405191BA1CC2B0069B8D7 /* Debug */,
				3F04051A1BA1CC2B0069B8D7 /* Release */,
			);
			defaultConfigurationIsVisible = 0;
		};
		3F04051B1BA1CC2B0069B8D7 /* Build configuration list for PBXNativeTarget "keyboardShiftTestTests" */ = {
			isa = XCConfigurationList;
			buildConfigurations = (
				3F04051C1BA1CC2B0069B8D7 /* Debug */,
				3F04051D1BA1CC2B0069B8D7 /* Release */,
			);
			defaultConfigurationIsVisible = 0;
		};
/* End XCConfigurationList section */
	};
	rootObject = 3F0404F11BA1CC2A0069B8D7 /* Project object */;
}
